
Microsoft Visual Studio Solution File, Format Version 12.00
# Visual Studio Version 17
VisualStudioVersion = 17.5.33516.290
MinimumVisualStudioVersion = 10.0.40219.1
Project("{FAE04EC0-301F-11D3-BF4B-00C04F79EFBC}") = "JokeApp", "JokeApp.csproj", "{BCA43D4D-4E5C-47AE-8A73-680B20F785C9}"
EndProject
Global
	GlobalSection(SolutionConfigurationPlatforms) = preSolution
		Debug|Any CPU = Debug|Any CPU
		Release|Any CPU = Release|Any CPU
	EndGlobalSection
	GlobalSection(ProjectConfigurationPlatforms) = postSolution
		{BCA43D4D-4E5C-47AE-8A73-680B20F785C9}.Debug|Any CPU.ActiveCfg = Debug|Any CPU
		{BCA43D4D-4E5C-47AE-8A73-680B20F785C9}.Debug|Any CPU.Build.0 = Debug|Any CPU
		{BCA43D4D-4E5C-47AE-8A73-680B20F785C9}.Release|Any CPU.ActiveCfg = Release|Any CPU
		{BCA43D4D-4E5C-47AE-8A73-680B20F785C9}.Release|Any CPU.Build.0 = Release|Any CPU
	EndGlobalSection
	GlobalSection(SolutionProperties) = preSolution
		HideSolutionNode = FALSE
	EndGlobalSection
	GlobalSection(ExtensibilityGlobals) = postSolution
		SolutionGuid = {4D9FBCE3-DE56-4306-AA05-40E48E682795}
	EndGlobalSection
EndGlobal
